// !$*UTF8*$!
{
	archiveVersion = 1;
	classes = {
	};
	objectVersion = 55;
	objects = {

/* Begin PBXBuildFile section */
		6405C7012757284B0025CE26 /* LoanApplication.swift in Sources */ = {isa = PBXBuildFile; fileRef = 6405C7002757284B0025CE26 /* LoanApplication.swift */; };
		644419EA2751F56700EA1466 /* Secured_Credit_RepairApp.swift in Sources */ = {isa = PBXBuildFile; fileRef = 644419E92751F56700EA1466 /* Secured_Credit_RepairApp.swift */; };
		644419EC2751F56700EA1466 /* HomeView.swift in Sources */ = {isa = PBXBuildFile; fileRef = 644419EB2751F56700EA1466 /* HomeView.swift */; };
		644419EE2751F56800EA1466 /* Assets.xcassets in Resources */ = {isa = PBXBuildFile; fileRef = 644419ED2751F56800EA1466 /* Assets.xcassets */; };
		644419F12751F56800EA1466 /* Preview Assets.xcassets in Resources */ = {isa = PBXBuildFile; fileRef = 644419F02751F56800EA1466 /* Preview Assets.xcassets */; };
		644419F82752067600EA1466 /* MenuView.swift in Sources */ = {isa = PBXBuildFile; fileRef = 644419F72752067600EA1466 /* MenuView.swift */; };
		644419FA2752AFB900EA1466 /* AppointmentView.swift in Sources */ = {isa = PBXBuildFile; fileRef = 644419F92752AFB900EA1466 /* AppointmentView.swift */; };
		64441A012753EFC000EA1466 /* iPhoneNumberField in Frameworks */ = {isa = PBXBuildFile; productRef = 64441A002753EFC000EA1466 /* iPhoneNumberField */; };
		649B4B53275AF66200CAEC2F /* InEligibleLoanApplication.swift in Sources */ = {isa = PBXBuildFile; fileRef = 649B4B52275AF66200CAEC2F /* InEligibleLoanApplication.swift */; };
		64C4858E27586D4A00CBE94B /* LoanAppVM.swift in Sources */ = {isa = PBXBuildFile; fileRef = 64C4858D27586D4A00CBE94B /* LoanAppVM.swift */; };
		64C485922759ABBD00CBE94B /* LoanRequestAmountView.swift in Sources */ = {isa = PBXBuildFile; fileRef = 64C485912759ABBD00CBE94B /* LoanRequestAmountView.swift */; };
		64C485942759ABEC00CBE94B /* LoanPersonalInformationView.swift in Sources */ = {isa = PBXBuildFile; fileRef = 64C485932759ABEC00CBE94B /* LoanPersonalInformationView.swift */; };
		64C485962759AC2E00CBE94B /* LoanPersonalQuestionsView.swift in Sources */ = {isa = PBXBuildFile; fileRef = 64C485952759AC2E00CBE94B /* LoanPersonalQuestionsView.swift */; };
		64C485982759AEEB00CBE94B /* LoanUploadDocumentsView.swift in Sources */ = {isa = PBXBuildFile; fileRef = 64C485972759AEEB00CBE94B /* LoanUploadDocumentsView.swift */; };
/* End PBXBuildFile section */

/* Begin PBXFileReference section */
		6405C7002757284B0025CE26 /* LoanApplication.swift */ = {isa = PBXFileReference; lastKnownFileType = sourcecode.swift; path = LoanApplication.swift; sourceTree = "<group>"; };
		644419E62751F56700EA1466 /* Secured Credit Repair.app */ = {isa = PBXFileReference; explicitFileType = wrapper.application; includeInIndex = 0; path = "Secured Credit Repair.app"; sourceTree = BUILT_PRODUCTS_DIR; };
		644419E92751F56700EA1466 /* Secured_Credit_RepairApp.swift */ = {isa = PBXFileReference; lastKnownFileType = sourcecode.swift; path = Secured_Credit_RepairApp.swift; sourceTree = "<group>"; };
		644419EB2751F56700EA1466 /* HomeView.swift */ = {isa = PBXFileReference; lastKnownFileType = sourcecode.swift; path = HomeView.swift; sourceTree = "<group>"; };
		644419ED2751F56800EA1466 /* Assets.xcassets */ = {isa = PBXFileReference; lastKnownFileType = folder.assetcatalog; path = Assets.xcassets; sourceTree = "<group>"; };
		644419F02751F56800EA1466 /* Preview Assets.xcassets */ = {isa = PBXFileReference; lastKnownFileType = folder.assetcatalog; path = "Preview Assets.xcassets"; sourceTree = "<group>"; };
		644419F72752067600EA1466 /* MenuView.swift */ = {isa = PBXFileReference; lastKnownFileType = sourcecode.swift; path = MenuView.swift; sourceTree = "<group>"; };
		644419F92752AFB900EA1466 /* AppointmentView.swift */ = {isa = PBXFileReference; lastKnownFileType = sourcecode.swift; path = AppointmentView.swift; sourceTree = "<group>"; };
		649B4B52275AF66200CAEC2F /* InEligibleLoanApplication.swift */ = {isa = PBXFileReference; lastKnownFileType = sourcecode.swift; path = InEligibleLoanApplication.swift; sourceTree = "<group>"; };
		64C4858D27586D4A00CBE94B /* LoanAppVM.swift */ = {isa = PBXFileReference; lastKnownFileType = sourcecode.swift; path = LoanAppVM.swift; sourceTree = "<group>"; };
		64C485912759ABBD00CBE94B /* LoanRequestAmountView.swift */ = {isa = PBXFileReference; lastKnownFileType = sourcecode.swift; path = LoanRequestAmountView.swift; sourceTree = "<group>"; };
		64C485932759ABEC00CBE94B /* LoanPersonalInformationView.swift */ = {isa = PBXFileReference; lastKnownFileType = sourcecode.swift; path = LoanPersonalInformationView.swift; sourceTree = "<group>"; };
		64C485952759AC2E00CBE94B /* LoanPersonalQuestionsView.swift */ = {isa = PBXFileReference; lastKnownFileType = sourcecode.swift; path = LoanPersonalQuestionsView.swift; sourceTree = "<group>"; };
		64C485972759AEEB00CBE94B /* LoanUploadDocumentsView.swift */ = {isa = PBXFileReference; lastKnownFileType = sourcecode.swift; path = LoanUploadDocumentsView.swift; sourceTree = "<group>"; };
/* End PBXFileReference section */

/* Begin PBXFrameworksBuildPhase section */
		644419E32751F56700EA1466 /* Frameworks */ = {
			isa = PBXFrameworksBuildPhase;
			buildActionMask = 2147483647;
			files = (
				64441A012753EFC000EA1466 /* iPhoneNumberField in Frameworks */,
			);
			runOnlyForDeploymentPostprocessing = 0;
		};
/* End PBXFrameworksBuildPhase section */

/* Begin PBXGroup section */
		6405C6FD275727A00025CE26 /* Views */ = {
			isa = PBXGroup;
			children = (
				64C485902759AB8800CBE94B /* Loan Application Views */,
				644419F92752AFB900EA1466 /* AppointmentView.swift */,
				644419F72752067600EA1466 /* MenuView.swift */,
				644419EB2751F56700EA1466 /* HomeView.swift */,
			);
			path = Views;
			sourceTree = "<group>";
		};
		6405C6FE275727AC0025CE26 /* View Models */ = {
			isa = PBXGroup;
			children = (
				64C4858D27586D4A00CBE94B /* LoanAppVM.swift */,
			);
			path = "View Models";
			sourceTree = "<group>";
		};
		6405C6FF275727C20025CE26 /* Models */ = {
			isa = PBXGroup;
			children = (
				6405C7002757284B0025CE26 /* LoanApplication.swift */,
			);
			path = Models;
			sourceTree = "<group>";
		};
		644419DD2751F56700EA1466 = {
			isa = PBXGroup;
			children = (
				644419E82751F56700EA1466 /* Secured Credit Repair */,
				644419E72751F56700EA1466 /* Products */,
			);
			sourceTree = "<group>";
		};
		644419E72751F56700EA1466 /* Products */ = {
			isa = PBXGroup;
			children = (
				644419E62751F56700EA1466 /* Secured Credit Repair.app */,
			);
			name = Products;
			sourceTree = "<group>";
		};
		644419E82751F56700EA1466 /* Secured Credit Repair */ = {
			isa = PBXGroup;
			children = (
				6405C6FF275727C20025CE26 /* Models */,
				6405C6FE275727AC0025CE26 /* View Models */,
				6405C6FD275727A00025CE26 /* Views */,
				644419E92751F56700EA1466 /* Secured_Credit_RepairApp.swift */,
				644419ED2751F56800EA1466 /* Assets.xcassets */,
				644419EF2751F56800EA1466 /* Preview Content */,
			);
			path = "Secured Credit Repair";
			sourceTree = "<group>";
		};
		644419EF2751F56800EA1466 /* Preview Content */ = {
			isa = PBXGroup;
			children = (
				644419F02751F56800EA1466 /* Preview Assets.xcassets */,
			);
			path = "Preview Content";
			sourceTree = "<group>";
		};
		64C485902759AB8800CBE94B /* Loan Application Views */ = {
			isa = PBXGroup;
			children = (
				64C485912759ABBD00CBE94B /* LoanRequestAmountView.swift */,
				64C485932759ABEC00CBE94B /* LoanPersonalInformationView.swift */,
				64C485952759AC2E00CBE94B /* LoanPersonalQuestionsView.swift */,
				64C485972759AEEB00CBE94B /* LoanUploadDocumentsView.swift */,
				649B4B52275AF66200CAEC2F /* InEligibleLoanApplication.swift */,
			);
			path = "Loan Application Views";
			sourceTree = "<group>";
		};
/* End PBXGroup section */

/* Begin PBXNativeTarget section */
		644419E52751F56700EA1466 /* Secured Credit Repair */ = {
			isa = PBXNativeTarget;
			buildConfigurationList = 644419F42751F56800EA1466 /* Build configuration list for PBXNativeTarget "Secured Credit Repair" */;
			buildPhases = (
				644419E22751F56700EA1466 /* Sources */,
				644419E32751F56700EA1466 /* Frameworks */,
				644419E42751F56700EA1466 /* Resources */,
			);
			buildRules = (
			);
			dependencies = (
			);
			name = "Secured Credit Repair";
			packageProductDependencies = (
				64441A002753EFC000EA1466 /* iPhoneNumberField */,
			);
			productName = "Secured Credit Repair";
			productReference = 644419E62751F56700EA1466 /* Secured Credit Repair.app */;
			productType = "com.apple.product-type.application";
		};
/* End PBXNativeTarget section */

/* Begin PBXProject section */
		644419DE2751F56700EA1466 /* Project object */ = {
			isa = PBXProject;
			attributes = {
				BuildIndependentTargetsInParallel = 1;
				LastSwiftUpdateCheck = 1310;
				LastUpgradeCheck = 1310;
				TargetAttributes = {
					644419E52751F56700EA1466 = {
						CreatedOnToolsVersion = 13.1;
					};
				};
			};
			buildConfigurationList = 644419E12751F56700EA1466 /* Build configuration list for PBXProject "Secured Credit Repair" */;
			compatibilityVersion = "Xcode 13.0";
			developmentRegion = en;
			hasScannedForEncodings = 0;
			knownRegions = (
				en,
				Base,
			);
			mainGroup = 644419DD2751F56700EA1466;
			packageReferences = (
				644419FF2753EFC000EA1466 /* XCRemoteSwiftPackageReference "iPhoneNumberField" */,
			);
			productRefGroup = 644419E72751F56700EA1466 /* Products */;
			projectDirPath = "";
			projectRoot = "";
			targets = (
				644419E52751F56700EA1466 /* Secured Credit Repair */,
			);
		};
/* End PBXProject section */

/* Begin PBXResourcesBuildPhase section */
		644419E42751F56700EA1466 /* Resources */ = {
			isa = PBXResourcesBuildPhase;
			buildActionMask = 2147483647;
			files = (
				644419F12751F56800EA1466 /* Preview Assets.xcassets in Resources */,
				644419EE2751F56800EA1466 /* Assets.xcassets in Resources */,
			);
			runOnlyForDeploymentPostprocessing = 0;
		};
/* End PBXResourcesBuildPhase section */

/* Begin PBXSourcesBuildPhase section */
		644419E22751F56700EA1466 /* Sources */ = {
			isa = PBXSourcesBuildPhase;
			buildActionMask = 2147483647;
			files = (
				64C485922759ABBD00CBE94B /* LoanRequestAmountView.swift in Sources */,
				644419EC2751F56700EA1466 /* HomeView.swift in Sources */,
				64C485962759AC2E00CBE94B /* LoanPersonalQuestionsView.swift in Sources */,
				644419F82752067600EA1466 /* MenuView.swift in Sources */,
				64C485942759ABEC00CBE94B /* LoanPersonalInformationView.swift in Sources */,
				649B4B53275AF66200CAEC2F /* InEligibleLoanApplication.swift in Sources */,
				6405C7012757284B0025CE26 /* LoanApplication.swift in Sources */,
				64C485982759AEEB00CBE94B /* LoanUploadDocumentsView.swift in Sources */,
				644419FA2752AFB900EA1466 /* AppointmentView.swift in Sources */,
				64C4858E27586D4A00CBE94B /* LoanAppVM.swift in Sources */,
				644419EA2751F56700EA1466 /* Secured_Credit_RepairApp.swift in Sources */,
			);
			runOnlyForDeploymentPostprocessing = 0;
		};
/* End PBXSourcesBuildPhase section */

/* Begin XCBuildConfiguration section */
		644419F22751F56800EA1466 /* Debug */ = {
			isa = XCBuildConfiguration;
			buildSettings = {
				ALWAYS_SEARCH_USER_PATHS = NO;
				CLANG_ANALYZER_NONNULL = YES;
				CLANG_ANALYZER_NUMBER_OBJECT_CONVERSION = YES_AGGRESSIVE;
				CLANG_CXX_LANGUAGE_STANDARD = "gnu++17";
				CLANG_CXX_LIBRARY = "libc++";
				CLANG_ENABLE_MODULES = YES;
				CLANG_ENABLE_OBJC_ARC = YES;
				CLANG_ENABLE_OBJC_WEAK = YES;
				CLANG_WARN_BLOCK_CAPTURE_AUTORELEASING = YES;
				CLANG_WARN_BOOL_CONVERSION = YES;
				CLANG_WARN_COMMA = YES;
				CLANG_WARN_CONSTANT_CONVERSION = YES;
				CLANG_WARN_DEPRECATED_OBJC_IMPLEMENTATIONS = YES;
				CLANG_WARN_DIRECT_OBJC_ISA_USAGE = YES_ERROR;
				CLANG_WARN_DOCUMENTATION_COMMENTS = YES;
				CLANG_WARN_EMPTY_BODY = YES;
				CLANG_WARN_ENUM_CONVERSION = YES;
				CLANG_WARN_INFINITE_RECURSION = YES;
				CLANG_WARN_INT_CONVERSION = YES;
				CLANG_WARN_NON_LITERAL_NULL_CONVERSION = YES;
				CLANG_WARN_OBJC_IMPLICIT_RETAIN_SELF = YES;
				CLANG_WARN_OBJC_LITERAL_CONVERSION = YES;
				CLANG_WARN_OBJC_ROOT_CLASS = YES_ERROR;
				CLANG_WARN_QUOTED_INCLUDE_IN_FRAMEWORK_HEADER = YES;
				CLANG_WARN_RANGE_LOOP_ANALYSIS = YES;
				CLANG_WARN_STRICT_PROTOTYPES = YES;
				CLANG_WARN_SUSPICIOUS_MOVE = YES;
				CLANG_WARN_UNGUARDED_AVAILABILITY = YES_AGGRESSIVE;
				CLANG_WARN_UNREACHABLE_CODE = YES;
				CLANG_WARN__DUPLICATE_METHOD_MATCH = YES;
				COPY_PHASE_STRIP = NO;
				DEBUG_INFORMATION_FORMAT = dwarf;
				ENABLE_STRICT_OBJC_MSGSEND = YES;
				ENABLE_TESTABILITY = YES;
				GCC_C_LANGUAGE_STANDARD = gnu11;
				GCC_DYNAMIC_NO_PIC = NO;
				GCC_NO_COMMON_BLOCKS = YES;
				GCC_OPTIMIZATION_LEVEL = 0;
				GCC_PREPROCESSOR_DEFINITIONS = (
					"DEBUG=1",
					"$(inherited)",
				);
				GCC_WARN_64_TO_32_BIT_CONVERSION = YES;
				GCC_WARN_ABOUT_RETURN_TYPE = YES_ERROR;
				GCC_WARN_UNDECLARED_SELECTOR = YES;
				GCC_WARN_UNINITIALIZED_AUTOS = YES_AGGRESSIVE;
				GCC_WARN_UNUSED_FUNCTION = YES;
				GCC_WARN_UNUSED_VARIABLE = YES;
				IPHONEOS_DEPLOYMENT_TARGET = 15.0;
				MTL_ENABLE_DEBUG_INFO = INCLUDE_SOURCE;
				MTL_FAST_MATH = YES;
				ONLY_ACTIVE_ARCH = YES;
				SDKROOT = iphoneos;
				SWIFT_ACTIVE_COMPILATION_CONDITIONS = DEBUG;
				SWIFT_OPTIMIZATION_LEVEL = "-Onone";
			};
			name = Debug;
		};
		644419F32751F56800EA1466 /* Release */ = {
			isa = XCBuildConfiguration;
			buildSettings = {
				ALWAYS_SEARCH_USER_PATHS = NO;
				CLANG_ANALYZER_NONNULL = YES;
				CLANG_ANALYZER_NUMBER_OBJECT_CONVERSION = YES_AGGRESSIVE;
				CLANG_CXX_LANGUAGE_STANDARD = "gnu++17";
				CLANG_CXX_LIBRARY = "libc++";
				CLANG_ENABLE_MODULES = YES;
				CLANG_ENABLE_OBJC_ARC = YES;
				CLANG_ENABLE_OBJC_WEAK = YES;
				CLANG_WARN_BLOCK_CAPTURE_AUTORELEASING = YES;
				CLANG_WARN_BOOL_CONVERSION = YES;
				CLANG_WARN_COMMA = YES;
				CLANG_WARN_CONSTANT_CONVERSION = YES;
				CLANG_WARN_DEPRECATED_OBJC_IMPLEMENTATIONS = YES;
				CLANG_WARN_DIRECT_OBJC_ISA_USAGE = YES_ERROR;
				CLANG_WARN_DOCUMENTATION_COMMENTS = YES;
				CLANG_WARN_EMPTY_BODY = YES;
				CLANG_WARN_ENUM_CONVERSION = YES;
				CLANG_WARN_INFINITE_RECURSION = YES;
				CLANG_WARN_INT_CONVERSION = YES;
				CLANG_WARN_NON_LITERAL_NULL_CONVERSION = YES;
				CLANG_WARN_OBJC_IMPLICIT_RETAIN_SELF = YES;
				CLANG_WARN_OBJC_LITERAL_CONVERSION = YES;
				CLANG_WARN_OBJC_ROOT_CLASS = YES_ERROR;
				CLANG_WARN_QUOTED_INCLUDE_IN_FRAMEWORK_HEADER = YES;
				CLANG_WARN_RANGE_LOOP_ANALYSIS = YES;
				CLANG_WARN_STRICT_PROTOTYPES = YES;
				CLANG_WARN_SUSPICIOUS_MOVE = YES;
				CLANG_WARN_UNGUARDED_AVAILABILITY = YES_AGGRESSIVE;
				CLANG_WARN_UNREACHABLE_CODE = YES;
				CLANG_WARN__DUPLICATE_METHOD_MATCH = YES;
				COPY_PHASE_STRIP = NO;
				DEBUG_INFORMATION_FORMAT = "dwarf-with-dsym";
				ENABLE_NS_ASSERTIONS = NO;
				ENABLE_STRICT_OBJC_MSGSEND = YES;
				GCC_C_LANGUAGE_STANDARD = gnu11;
				GCC_NO_COMMON_BLOCKS = YES;
				GCC_WARN_64_TO_32_BIT_CONVERSION = YES;
				GCC_WARN_ABOUT_RETURN_TYPE = YES_ERROR;
				GCC_WARN_UNDECLARED_SELECTOR = YES;
				GCC_WARN_UNINITIALIZED_AUTOS = YES_AGGRESSIVE;
				GCC_WARN_UNUSED_FUNCTION = YES;
				GCC_WARN_UNUSED_VARIABLE = YES;
				IPHONEOS_DEPLOYMENT_TARGET = 15.0;
				MTL_ENABLE_DEBUG_INFO = NO;
				MTL_FAST_MATH = YES;
				SDKROOT = iphoneos;
				SWIFT_COMPILATION_MODE = wholemodule;
				SWIFT_OPTIMIZATION_LEVEL = "-O";
				VALIDATE_PRODUCT = YES;
			};
			name = Release;
		};
		644419F52751F56800EA1466 /* Debug */ = {
			isa = XCBuildConfiguration;
			buildSettings = {
				ASSETCATALOG_COMPILER_APPICON_NAME = AppIcon;
				ASSETCATALOG_COMPILER_GLOBAL_ACCENT_COLOR_NAME = AccentColor;
				CODE_SIGN_STYLE = Automatic;
				CURRENT_PROJECT_VERSION = 1;
				DEVELOPMENT_ASSET_PATHS = "\"Secured Credit Repair/Preview Content\"";
				DEVELOPMENT_TEAM = M26WMFKN7M;
				ENABLE_PREVIEWS = YES;
				GENERATE_INFOPLIST_FILE = YES;
				INFOPLIST_KEY_UIApplicationSceneManifest_Generation = YES;
				INFOPLIST_KEY_UIApplicationSupportsIndirectInputEvents = YES;
				INFOPLIST_KEY_UILaunchScreen_Generation = YES;
				INFOPLIST_KEY_UISupportedInterfaceOrientations_iPad = "UIInterfaceOrientationPortrait UIInterfaceOrientationPortraitUpsideDown UIInterfaceOrientationLandscapeLeft UIInterfaceOrientationLandscapeRight";
				INFOPLIST_KEY_UISupportedInterfaceOrientations_iPhone = "UIInterfaceOrientationPortrait UIInterfaceOrientationLandscapeLeft UIInterfaceOrientationLandscapeRight";
				LD_RUNPATH_SEARCH_PATHS = (
					"$(inherited)",
					"@executable_path/Frameworks",
				);
				MARKETING_VERSION = 1.0;
				PRODUCT_BUNDLE_IDENTIFIER = "com.RodriguezFreelance.Secured-Credit-Repair";
				PRODUCT_NAME = "$(TARGET_NAME)";
				SWIFT_EMIT_LOC_STRINGS = YES;
				SWIFT_VERSION = 5.0;
				TARGETED_DEVICE_FAMILY = "1,2";
			};
			name = Debug;
		};
		644419F62751F56800EA1466 /* Release */ = {
			isa = XCBuildConfiguration;
			buildSettings = {
				ASSETCATALOG_COMPILER_APPICON_NAME = AppIcon;
				ASSETCATALOG_COMPILER_GLOBAL_ACCENT_COLOR_NAME = AccentColor;
				CODE_SIGN_STYLE = Automatic;
				CURRENT_PROJECT_VERSION = 1;
				DEVELOPMENT_ASSET_PATHS = "\"Secured Credit Repair/Preview Content\"";
				DEVELOPMENT_TEAM = M26WMFKN7M;
				ENABLE_PREVIEWS = YES;
				GENERATE_INFOPLIST_FILE = YES;
				INFOPLIST_KEY_UIApplicationSceneManifest_Generation = YES;
				INFOPLIST_KEY_UIApplicationSupportsIndirectInputEvents = YES;
				INFOPLIST_KEY_UILaunchScreen_Generation = YES;
				INFOPLIST_KEY_UISupportedInterfaceOrientations_iPad = "UIInterfaceOrientationPortrait UIInterfaceOrientationPortraitUpsideDown UIInterfaceOrientationLandscapeLeft UIInterfaceOrientationLandscapeRight";
				INFOPLIST_KEY_UISupportedInterfaceOrientations_iPhone = "UIInterfaceOrientationPortrait UIInterfaceOrientationLandscapeLeft UIInterfaceOrientationLandscapeRight";
				LD_RUNPATH_SEARCH_PATHS = (
					"$(inherited)",
					"@executable_path/Frameworks",
				);
				MARKETING_VERSION = 1.0;
				PRODUCT_BUNDLE_IDENTIFIER = "com.RodriguezFreelance.Secured-Credit-Repair";
				PRODUCT_NAME = "$(TARGET_NAME)";
				SWIFT_EMIT_LOC_STRINGS = YES;
				SWIFT_VERSION = 5.0;
				TARGETED_DEVICE_FAMILY = "1,2";
			};
			name = Release;
		};
/* End XCBuildConfiguration section */

/* Begin XCConfigurationList section */
		644419E12751F56700EA1466 /* Build configuration list for PBXProject "Secured Credit Repair" */ = {
			isa = XCConfigurationList;
			buildConfigurations = (
				644419F22751F56800EA1466 /* Debug */,
				644419F32751F56800EA1466 /* Release */,
			);
			defaultConfigurationIsVisible = 0;
			defaultConfigurationName = Release;
		};
		644419F42751F56800EA1466 /* Build configuration list for PBXNativeTarget "Secured Credit Repair" */ = {
			isa = XCConfigurationList;
			buildConfigurations = (
				644419F52751F56800EA1466 /* Debug */,
				644419F62751F56800EA1466 /* Release */,
			);
			defaultConfigurationIsVisible = 0;
			defaultConfigurationName = Release;
		};
/* End XCConfigurationList section */

/* Begin XCRemoteSwiftPackageReference section */
		644419FF2753EFC000EA1466 /* XCRemoteSwiftPackageReference "iPhoneNumberField" */ = {
			isa = XCRemoteSwiftPackageReference;
			repositoryURL = "https://github.com/MojtabaHs/iPhoneNumberField.git";
			requirement = {
				kind = upToNextMajorVersion;
				minimumVersion = 0.6.1;
			};
		};
/* End XCRemoteSwiftPackageReference section */

/* Begin XCSwiftPackageProductDependency section */
		64441A002753EFC000EA1466 /* iPhoneNumberField */ = {
			isa = XCSwiftPackageProductDependency;
			package = 644419FF2753EFC000EA1466 /* XCRemoteSwiftPackageReference "iPhoneNumberField" */;
			productName = iPhoneNumberField;
		};
/* End XCSwiftPackageProductDependency section */
	};
	rootObject = 644419DE2751F56700EA1466 /* Project object */;
}
